
Microsoft Visual Studio Solution File, Format Version 12.00
# Visual Studio Version 16
VisualStudioVersion = 16.0.30611.23
MinimumVisualStudioVersion = 10.0.40219.1
Project("{FAE04EC0-301F-11D3-BF4B-00C04F79EFBC}") = "DevoirSlam1", "DevoirSlam1\DevoirSlam1.csproj", "{F6CDD35B-6BE0-43A8-ADDE-170937947535}"
EndProject
Global
	GlobalSection(SolutionConfigurationPlatforms) = preSolution
		Debug|Any CPU = Debug|Any CPU
		Release|Any CPU = Release|Any CPU
	EndGlobalSection
	GlobalSection(ProjectConfigurationPlatforms) = postSolution
		{F6CDD35B-6BE0-43A8-ADDE-170937947535}.Debug|Any CPU.ActiveCfg = Debug|Any CPU
		{F6CDD35B-6BE0-43A8-ADDE-170937947535}.Debug|Any CPU.Build.0 = Debug|Any CPU
		{F6CDD35B-6BE0-43A8-ADDE-170937947535}.Release|Any CPU.ActiveCfg = Release|Any CPU
		{F6CDD35B-6BE0-43A8-ADDE-170937947535}.Release|Any CPU.Build.0 = Release|Any CPU
	EndGlobalSection
	GlobalSection(SolutionProperties) = preSolution
		HideSolutionNode = FALSE
	EndGlobalSection
	GlobalSection(ExtensibilityGlobals) = postSolution
		SolutionGuid = {A92D3EBB-BEB9-4096-A0B9-E35DCA91DBF3}
	EndGlobalSection
EndGlobal
